
Microsoft Visual Studio Solution File, Format Version 12.00
# Visual Studio Version 16
VisualStudioVersion = 16.0.31702.278
MinimumVisualStudioVersion = 10.0.40219.1
Project("{FAE04EC0-301F-11D3-BF4B-00C04F79EFBC}") = "wav vatsim", "wav vatsim\wav vatsim.csproj", "{968CF97D-DBE2-4BC5-819F-D1A978DBEBBF}"
EndProject
Global
	GlobalSection(SolutionConfigurationPlatforms) = preSolution
		Debug|Any CPU = Debug|Any CPU
		Release|Any CPU = Release|Any CPU
	EndGlobalSection
	GlobalSection(ProjectConfigurationPlatforms) = postSolution
		{968CF97D-DBE2-4BC5-819F-D1A978DBEBBF}.Debug|Any CPU.ActiveCfg = Debug|Any CPU
		{968CF97D-DBE2-4BC5-819F-D1A978DBEBBF}.Debug|Any CPU.Build.0 = Debug|Any CPU
		{968CF97D-DBE2-4BC5-819F-D1A978DBEBBF}.Release|Any CPU.ActiveCfg = Release|Any CPU
		{968CF97D-DBE2-4BC5-819F-D1A978DBEBBF}.Release|Any CPU.Build.0 = Release|Any CPU
	EndGlobalSection
	GlobalSection(SolutionProperties) = preSolution
		HideSolutionNode = FALSE
	EndGlobalSection
	GlobalSection(ExtensibilityGlobals) = postSolution
		SolutionGuid = {FD581D55-F7AD-4472-9E9B-9ADF8AFA0D74}
	EndGlobalSection
EndGlobal
